
Microsoft Visual Studio Solution File, Format Version 12.00
# Visual Studio Version 17
VisualStudioVersion = 17.1.32228.430
MinimumVisualStudioVersion = 10.0.40219.1
Project("{9A19103F-16F7-4668-BE54-9A1E7A4F7556}") = "eBook", "eBook.csproj", "{1E169BA7-E178-49DC-99AA-943145960ADF}"
EndProject
Global
	GlobalSection(SolutionConfigurationPlatforms) = preSolution
		Debug|Any CPU = Debug|Any CPU
		Release|Any CPU = Release|Any CPU
	EndGlobalSection
	GlobalSection(ProjectConfigurationPlatforms) = postSolution
		{1E169BA7-E178-49DC-99AA-943145960ADF}.Debug|Any CPU.ActiveCfg = Debug|Any CPU
		{1E169BA7-E178-49DC-99AA-943145960ADF}.Debug|Any CPU.Build.0 = Debug|Any CPU
		{1E169BA7-E178-49DC-99AA-943145960ADF}.Release|Any CPU.ActiveCfg = Release|Any CPU
		{1E169BA7-E178-49DC-99AA-943145960ADF}.Release|Any CPU.Build.0 = Release|Any CPU
	EndGlobalSection
	GlobalSection(SolutionProperties) = preSolution
		HideSolutionNode = FALSE
	EndGlobalSection
	GlobalSection(ExtensibilityGlobals) = postSolution
		SolutionGuid = {A1986B41-FB03-44A6-9BFE-D63B7B81B9F1}
	EndGlobalSection
EndGlobal
